github.com/xhd2015/less-gen v0.0.1 h1:wMBv0t5tZQbIPklxMxek6JPDM7hM16fPszLJ6c8upFo=
github.com/xhd2015/less-gen v0.0.1/go.mod h1:F2LAZ9jq92f8XlNWIkH/4X7VnxNTpH5rEWNXsgOMWwg=
github.com/xhd2015/xgo v1.0.49 h1:0unKJTNamKwEZZi8aD6qHTLL3QvccQtM259/sefMgXI=
github.com/xhd2015/xgo v1.0.49/go.mod h1:LJxlcYSaXo/9YpsnB3yHh9NHe7BRettYCytaNGWY2BE=
